# This is a Gradle generated file for dependency locking.
# Manual edits can break the build and are not advised.
# This file is expected to be part of source control.
androidx.activity:activity-compose:1.10.1=debugAndroidTestCompileClasspath,debugAndroidTestRuntimeClasspath,debugCompileClasspath,debugLintChecksClasspath,debugRuntimeClasspath,debugUnitTestCompileClasspath,debugUnitTestRuntimeClasspath
androidx.activity:activity-ktx:1.10.1=debugAndroidTestCompileClasspath,debugAndroidTestRuntimeClasspath,debugCompileClasspath,debugLintChecksClasspath,debugRuntimeClasspath,debugUnitTestCompileClasspath,debugUnitTestRuntimeClasspath
androidx.activity:activity:1.10.1=debugAndroidTestCompileClasspath,debugAndroidTestRuntimeClasspath,debugCompileClasspath,debugLintChecksClasspath,debugRuntimeClasspath,debugUnitTestCompileClasspath,debugUnitTestRuntimeClasspath
androidx.annotation:annotation-experimental:1.4.1=debugAndroidTestCompileClasspath,debugAndroidTestRuntimeClasspath,debugCompileClasspath,debugLintChecksClasspath,debugRuntimeClasspath,debugUnitTestCompileClasspath,debugUnitTestRuntimeClasspath
androidx.annotation:annotation-jvm:1.8.1=debugAndroidTestCompileClasspath,debugAndroidTestRuntimeClasspath,debugCompileClasspath,debugLintChecksClasspath,debugRuntimeClasspath,debugUnitTestCompileClasspath,debugUnitTestRuntimeClasspath
androidx.annotation:annotation:1.8.1=debugAndroidTestCompileClasspath,debugAndroidTestRuntimeClasspath,debugCompileClasspath,debugLintChecksClasspath,debugRuntimeClasspath,debugUnitTestCompileClasspath,debugUnitTestRuntimeClasspath
androidx.appcompat:appcompat-resources:1.6.1=debugLintChecksClasspath,debugRuntimeClasspath,debugUnitTestRuntimeClasspath
androidx.appcompat:appcompat:1.6.1=debugLintChecksClasspath,debugRuntimeClasspath,debugUnitTestRuntimeClasspath
androidx.arch.core:core-common:2.2.0=debugAndroidTestCompileClasspath,debugAndroidTestRuntimeClasspath,debugCompileClasspath,debugLintChecksClasspath,debugRuntimeClasspath,debugUnitTestCompileClasspath,debugUnitTestRuntimeClasspath
androidx.arch.core:core-runtime:2.2.0=debugAndroidTestRuntimeClasspath,debugLintChecksClasspath,debugRuntimeClasspath,debugUnitTestRuntimeClasspath
androidx.autofill:autofill:1.0.0=debugAndroidTestRuntimeClasspath,debugRuntimeClasspath,debugUnitTestRuntimeClasspath
androidx.camera:camera-camera2:1.4.1=debugLintChecksClasspath,debugRuntimeClasspath,debugUnitTestRuntimeClasspath
androidx.camera:camera-core:1.4.1=debugLintChecksClasspath,debugRuntimeClasspath,debugUnitTestRuntimeClasspath
androidx.camera:camera-lifecycle:1.4.1=debugLintChecksClasspath,debugRuntimeClasspath,debugUnitTestRuntimeClasspath
androidx.camera:camera-video:1.4.1=debugLintChecksClasspath,debugRuntimeClasspath,debugUnitTestRuntimeClasspath
androidx.camera:camera-view:1.4.1=debugLintChecksClasspath,debugRuntimeClasspath,debugUnitTestRuntimeClasspath
androidx.collection:collection-jvm:1.4.0=debugAndroidTestCompileClasspath,debugCompileClasspath,debugUnitTestCompileClasspath
androidx.collection:collection-jvm:1.4.4=debugAndroidTestRuntimeClasspath,debugLintChecksClasspath,debugRuntimeClasspath,debugUnitTestRuntimeClasspath
androidx.collection:collection-ktx:1.4.4=debugAndroidTestRuntimeClasspath,debugRuntimeClasspath,debugUnitTestRuntimeClasspath
androidx.collection:collection:1.4.0=debugAndroidTestCompileClasspath,debugCompileClasspath,debugUnitTestCompileClasspath
androidx.collection:collection:1.4.4=debugAndroidTestRuntimeClasspath,debugLintChecksClasspath,debugRuntimeClasspath,debugUnitTestRuntimeClasspath
androidx.compose.animation:animation-android:1.7.5=debugAndroidTestCompileClasspath,debugCompileClasspath,debugRuntimeClasspath,debugUnitTestCompileClasspath,debugUnitTestRuntimeClasspath
androidx.compose.animation:animation-core-android:1.7.5=debugAndroidTestCompileClasspath,debugCompileClasspath,debugRuntimeClasspath,debugUnitTestCompileClasspath,debugUnitTestRuntimeClasspath
androidx.compose.animation:animation-core-jvmstubs:1.7.5=debugLintChecksClasspath
androidx.compose.animation:animation-core:1.7.5=debugAndroidTestCompileClasspath,debugCompileClasspath,debugLintChecksClasspath,debugRuntimeClasspath,debugUnitTestCompileClasspath,debugUnitTestRuntimeClasspath
androidx.compose.animation:animation-jvmstubs:1.7.5=debugLintChecksClasspath
androidx.compose.animation:animation:1.7.5=debugAndroidTestCompileClasspath,debugCompileClasspath,debugLintChecksClasspath,debugRuntimeClasspath,debugUnitTestCompileClasspath,debugUnitTestRuntimeClasspath
androidx.compose.foundation:foundation-android:1.7.5=debugAndroidTestCompileClasspath,debugCompileClasspath,debugRuntimeClasspath,debugUnitTestCompileClasspath,debugUnitTestRuntimeClasspath
androidx.compose.foundation:foundation-jvmstubs:1.7.5=debugLintChecksClasspath
androidx.compose.foundation:foundation-layout-android:1.7.5=debugAndroidTestCompileClasspath,debugCompileClasspath,debugRuntimeClasspath,debugUnitTestCompileClasspath,debugUnitTestRuntimeClasspath
androidx.compose.foundation:foundation-layout-jvmstubs:1.7.5=debugLintChecksClasspath
androidx.compose.foundation:foundation-layout:1.7.5=debugAndroidTestCompileClasspath,debugCompileClasspath,debugLintChecksClasspath,debugRuntimeClasspath,debugUnitTestCompileClasspath,debugUnitTestRuntimeClasspath
androidx.compose.foundation:foundation:1.7.5=debugAndroidTestCompileClasspath,debugCompileClasspath,debugLintChecksClasspath,debugRuntimeClasspath,debugUnitTestCompileClasspath,debugUnitTestRuntimeClasspath
androidx.compose.material3:material3-android:1.3.1=debugAndroidTestCompileClasspath,debugCompileClasspath,debugRuntimeClasspath,debugUnitTestCompileClasspath,debugUnitTestRuntimeClasspath
androidx.compose.material3:material3-desktop:1.3.1=debugLintChecksClasspath
androidx.compose.material3:material3:1.3.1=debugAndroidTestCompileClasspath,debugCompileClasspath,debugLintChecksClasspath,debugRuntimeClasspath,debugUnitTestCompileClasspath,debugUnitTestRuntimeClasspath
androidx.compose.material:material-android:1.7.5=debugRuntimeClasspath,debugUnitTestRuntimeClasspath
androidx.compose.material:material-icons-core-android:1.7.5=debugAndroidTestCompileClasspath,debugCompileClasspath,debugRuntimeClasspath,debugUnitTestCompileClasspath,debugUnitTestRuntimeClasspath
androidx.compose.material:material-icons-core-desktop:1.7.5=debugLintChecksClasspath
androidx.compose.material:material-icons-core:1.7.5=debugAndroidTestCompileClasspath,debugCompileClasspath,debugLintChecksClasspath,debugRuntimeClasspath,debugUnitTestCompileClasspath,debugUnitTestRuntimeClasspath
androidx.compose.material:material-ripple-android:1.7.5=debugAndroidTestCompileClasspath,debugCompileClasspath,debugRuntimeClasspath,debugUnitTestCompileClasspath,debugUnitTestRuntimeClasspath
androidx.compose.material:material-ripple-jvmstubs:1.7.5=debugLintChecksClasspath
androidx.compose.material:material-ripple:1.7.5=debugAndroidTestCompileClasspath,debugCompileClasspath,debugLintChecksClasspath,debugRuntimeClasspath,debugUnitTestCompileClasspath,debugUnitTestRuntimeClasspath
androidx.compose.material:material:1.7.5=debugRuntimeClasspath,debugUnitTestRuntimeClasspath
androidx.compose.runtime:runtime-android:1.7.5=debugAndroidTestCompileClasspath,debugAndroidTestRuntimeClasspath,debugCompileClasspath,debugRuntimeClasspath,debugUnitTestCompileClasspath,debugUnitTestRuntimeClasspath
androidx.compose.runtime:runtime-jvmstubs:1.7.5=debugLintChecksClasspath
androidx.compose.runtime:runtime-saveable-android:1.7.5=debugAndroidTestCompileClasspath,debugAndroidTestRuntimeClasspath,debugCompileClasspath,debugRuntimeClasspath,debugUnitTestCompileClasspath,debugUnitTestRuntimeClasspath
androidx.compose.runtime:runtime-saveable-jvmstubs:1.7.5=debugLintChecksClasspath
androidx.compose.runtime:runtime-saveable:1.7.5=debugAndroidTestCompileClasspath,debugAndroidTestRuntimeClasspath,debugCompileClasspath,debugLintChecksClasspath,debugRuntimeClasspath,debugUnitTestCompileClasspath,debugUnitTestRuntimeClasspath
androidx.compose.runtime:runtime:1.7.5=debugAndroidTestCompileClasspath,debugAndroidTestRuntimeClasspath,debugCompileClasspath,debugLintChecksClasspath,debugRuntimeClasspath,debugUnitTestCompileClasspath,debugUnitTestRuntimeClasspath
androidx.compose.ui:ui-android:1.7.5=debugAndroidTestCompileClasspath,debugAndroidTestRuntimeClasspath,debugCompileClasspath,debugRuntimeClasspath,debugUnitTestCompileClasspath,debugUnitTestRuntimeClasspath
androidx.compose.ui:ui-geometry-android:1.7.5=debugAndroidTestCompileClasspath,debugAndroidTestRuntimeClasspath,debugCompileClasspath,debugRuntimeClasspath,debugUnitTestCompileClasspath,debugUnitTestRuntimeClasspath
androidx.compose.ui:ui-geometry-jvmstubs:1.7.5=debugLintChecksClasspath
androidx.compose.ui:ui-geometry:1.7.5=debugAndroidTestCompileClasspath,debugAndroidTestRuntimeClasspath,debugCompileClasspath,debugLintChecksClasspath,debugRuntimeClasspath,debugUnitTestCompileClasspath,debugUnitTestRuntimeClasspath
androidx.compose.ui:ui-graphics-android:1.7.5=debugAndroidTestCompileClasspath,debugAndroidTestRuntimeClasspath,debugCompileClasspath,debugRuntimeClasspath,debugUnitTestCompileClasspath,debugUnitTestRuntimeClasspath
androidx.compose.ui:ui-graphics-jvmstubs:1.7.5=debugLintChecksClasspath
androidx.compose.ui:ui-graphics:1.7.5=debugAndroidTestCompileClasspath,debugAndroidTestRuntimeClasspath,debugCompileClasspath,debugLintChecksClasspath,debugRuntimeClasspath,debugUnitTestCompileClasspath,debugUnitTestRuntimeClasspath
androidx.compose.ui:ui-jvmstubs:1.7.5=debugLintChecksClasspath
androidx.compose.ui:ui-test-android:1.7.5=debugAndroidTestCompileClasspath,debugAndroidTestRuntimeClasspath
androidx.compose.ui:ui-test-junit4-android:1.7.5=debugAndroidTestCompileClasspath,debugAndroidTestRuntimeClasspath
androidx.compose.ui:ui-test-junit4:1.7.5=debugAndroidTestCompileClasspath,debugAndroidTestRuntimeClasspath
androidx.compose.ui:ui-test-manifest:1.7.5=debugAndroidTestCompileClasspath,debugCompileClasspath,debugRuntimeClasspath
androidx.compose.ui:ui-test:1.7.5=debugAndroidTestCompileClasspath,debugAndroidTestRuntimeClasspath
androidx.compose.ui:ui-text-android:1.7.5=debugAndroidTestCompileClasspath,debugAndroidTestRuntimeClasspath,debugCompileClasspath,debugRuntimeClasspath,debugUnitTestCompileClasspath,debugUnitTestRuntimeClasspath
androidx.compose.ui:ui-text-jvmstubs:1.7.5=debugLintChecksClasspath
androidx.compose.ui:ui-text:1.7.5=debugAndroidTestCompileClasspath,debugAndroidTestRuntimeClasspath,debugCompileClasspath,debugLintChecksClasspath,debugRuntimeClasspath,debugUnitTestCompileClasspath,debugUnitTestRuntimeClasspath
androidx.compose.ui:ui-tooling-android:1.7.5=debugAndroidTestCompileClasspath,debugCompileClasspath,debugRuntimeClasspath,debugUnitTestCompileClasspath,debugUnitTestRuntimeClasspath
androidx.compose.ui:ui-tooling-data-android:1.7.5=debugAndroidTestCompileClasspath,debugCompileClasspath,debugRuntimeClasspath,debugUnitTestCompileClasspath,debugUnitTestRuntimeClasspath
androidx.compose.ui:ui-tooling-data-jvmstubs:1.7.5=debugLintChecksClasspath
androidx.compose.ui:ui-tooling-data:1.7.5=debugAndroidTestCompileClasspath,debugCompileClasspath,debugLintChecksClasspath,debugRuntimeClasspath,debugUnitTestCompileClasspath,debugUnitTestRuntimeClasspath
androidx.compose.ui:ui-tooling-jvmstubs:1.7.5=debugLintChecksClasspath
androidx.compose.ui:ui-tooling-preview-android:1.7.5=debugAndroidTestCompileClasspath,debugCompileClasspath,debugRuntimeClasspath,debugUnitTestCompileClasspath,debugUnitTestRuntimeClasspath
androidx.compose.ui:ui-tooling-preview-jvmstubs:1.7.5=debugLintChecksClasspath
androidx.compose.ui:ui-tooling-preview:1.7.5=debugAndroidTestCompileClasspath,debugCompileClasspath,debugLintChecksClasspath,debugRuntimeClasspath,debugUnitTestCompileClasspath,debugUnitTestRuntimeClasspath
androidx.compose.ui:ui-tooling:1.7.5=debugAndroidTestCompileClasspath,debugCompileClasspath,debugLintChecksClasspath,debugRuntimeClasspath,debugUnitTestCompileClasspath,debugUnitTestRuntimeClasspath
androidx.compose.ui:ui-unit-android:1.7.5=debugAndroidTestCompileClasspath,debugAndroidTestRuntimeClasspath,debugCompileClasspath,debugRuntimeClasspath,debugUnitTestCompileClasspath,debugUnitTestRuntimeClasspath
androidx.compose.ui:ui-unit-jvmstubs:1.7.5=debugLintChecksClasspath
androidx.compose.ui:ui-unit:1.7.5=debugAndroidTestCompileClasspath,debugAndroidTestRuntimeClasspath,debugCompileClasspath,debugLintChecksClasspath,debugRuntimeClasspath,debugUnitTestCompileClasspath,debugUnitTestRuntimeClasspath
androidx.compose.ui:ui-util-android:1.7.5=debugAndroidTestCompileClasspath,debugAndroidTestRuntimeClasspath,debugCompileClasspath,debugRuntimeClasspath,debugUnitTestCompileClasspath,debugUnitTestRuntimeClasspath
androidx.compose.ui:ui-util-jvmstubs:1.7.5=debugLintChecksClasspath
androidx.compose.ui:ui-util:1.7.5=debugAndroidTestCompileClasspath,debugAndroidTestRuntimeClasspath,debugCompileClasspath,debugLintChecksClasspath,debugRuntimeClasspath,debugUnitTestCompileClasspath,debugUnitTestRuntimeClasspath
androidx.compose.ui:ui:1.7.5=debugAndroidTestCompileClasspath,debugAndroidTestRuntimeClasspath,debugCompileClasspath,debugLintChecksClasspath,debugRuntimeClasspath,debugUnitTestCompileClasspath,debugUnitTestRuntimeClasspath
androidx.compose:compose-bom:2024.10.01=debugAndroidTestCompileClasspath,debugAndroidTestRuntimeClasspath,debugCompileClasspath,debugLintChecksClasspath,debugRuntimeClasspath,debugUnitTestCompileClasspath,debugUnitTestRuntimeClasspath
androidx.concurrent:concurrent-futures-ktx:1.1.0=debugAndroidTestCompileClasspath,debugAndroidTestRuntimeClasspath,debugLintChecksClasspath,debugRuntimeClasspath,debugUnitTestRuntimeClasspath
androidx.concurrent:concurrent-futures:1.1.0=debugAndroidTestCompileClasspath,debugAndroidTestRuntimeClasspath,debugLintChecksClasspath,debugRuntimeClasspath,debugUnitTestRuntimeClasspath
androidx.core:core-ktx:1.18.0=debugAndroidTestCompileClasspath,debugAndroidTestRuntimeClasspath,debugCompileClasspath,debugLintChecksClasspath,debugRuntimeClasspath,debugUnitTestCompileClasspath,debugUnitTestRuntimeClasspath
androidx.core:core-viewtree:1.0.0=debugAndroidTestCompileClasspath,debugAndroidTestRuntimeClasspath,debugCompileClasspath,debugLintChecksClasspath,debugRuntimeClasspath,debugUnitTestCompileClasspath,debugUnitTestRuntimeClasspath
androidx.core:core:1.18.0=debugAndroidTestCompileClasspath,debugAndroidTestRuntimeClasspath,debugCompileClasspath,debugLintChecksClasspath,debugRuntimeClasspath,debugUnitTestCompileClasspath,debugUnitTestRuntimeClasspath
androidx.cursoradapter:cursoradapter:1.0.0=debugLintChecksClasspath,debugRuntimeClasspath,debugUnitTestRuntimeClasspath
androidx.customview:customview-poolingcontainer:1.0.0=debugAndroidTestRuntimeClasspath,debugRuntimeClasspath,debugUnitTestRuntimeClasspath
androidx.customview:customview:1.0.0=debugLintChecksClasspath,debugRuntimeClasspath,debugUnitTestRuntimeClasspath
androidx.drawerlayout:drawerlayout:1.0.0=debugLintChecksClasspath,debugRuntimeClasspath,debugUnitTestRuntimeClasspath
androidx.emoji2:emoji2-views-helper:1.2.0=debugLintChecksClasspath
androidx.emoji2:emoji2-views-helper:1.3.0=debugRuntimeClasspath,debugUnitTestRuntimeClasspath
androidx.emoji2:emoji2:1.2.0=debugLintChecksClasspath
androidx.emoji2:emoji2:1.3.0=debugAndroidTestRuntimeClasspath,debugRuntimeClasspath,debugUnitTestRuntimeClasspath
androidx.exifinterface:exifinterface:1.3.2=debugLintChecksClasspath,debugRuntimeClasspath,debugUnitTestRuntimeClasspath
androidx.fragment:fragment:1.3.6=debugLintChecksClasspath,debugRuntimeClasspath,debugUnitTestRuntimeClasspath
androidx.graphics:graphics-path:1.0.1=debugAndroidTestRuntimeClasspath,debugRuntimeClasspath,debugUnitTestRuntimeClasspath
androidx.interpolator:interpolator:1.0.0=debugAndroidTestRuntimeClasspath,debugLintChecksClasspath,debugRuntimeClasspath,debugUnitTestRuntimeClasspath
androidx.lifecycle:lifecycle-common-java8:2.8.7=debugRuntimeClasspath,debugUnitTestRuntimeClasspath
androidx.lifecycle:lifecycle-common-jvm:2.8.3=debugAndroidTestCompileClasspath,debugCompileClasspath,debugUnitTestCompileClasspath
androidx.lifecycle:lifecycle-common-jvm:2.8.7=debugAndroidTestRuntimeClasspath,debugLintChecksClasspath,debugRuntimeClasspath,debugUnitTestRuntimeClasspath
androidx.lifecycle:lifecycle-common:2.8.3=debugAndroidTestCompileClasspath,debugCompileClasspath,debugUnitTestCompileClasspath
androidx.lifecycle:lifecycle-common:2.8.7=debugAndroidTestRuntimeClasspath,debugLintChecksClasspath,debugRuntimeClasspath,debugUnitTestRuntimeClasspath
androidx.lifecycle:lifecycle-livedata-core-ktx:2.8.7=debugLintChecksClasspath,debugRuntimeClasspath,debugUnitTestRuntimeClasspath
androidx.lifecycle:lifecycle-livedata-core:2.8.3=debugAndroidTestCompileClasspath,debugCompileClasspath,debugUnitTestCompileClasspath
androidx.lifecycle:lifecycle-livedata-core:2.8.7=debugAndroidTestRuntimeClasspath,debugLintChecksClasspath,debugRuntimeClasspath,debugUnitTestRuntimeClasspath
androidx.lifecycle:lifecycle-livedata:2.8.7=debugLintChecksClasspath,debugRuntimeClasspath,debugUnitTestRuntimeClasspath
androidx.lifecycle:lifecycle-process:2.8.7=debugAndroidTestRuntimeClasspath,debugLintChecksClasspath,debugRuntimeClasspath,debugUnitTestRuntimeClasspath
androidx.lifecycle:lifecycle-runtime-android:2.8.3=debugAndroidTestCompileClasspath,debugCompileClasspath,debugUnitTestCompileClasspath
androidx.lifecycle:lifecycle-runtime-android:2.8.7=debugAndroidTestRuntimeClasspath,debugRuntimeClasspath,debugUnitTestRuntimeClasspath
androidx.lifecycle:lifecycle-runtime-compose-android:2.8.3=debugAndroidTestCompileClasspath,debugCompileClasspath,debugUnitTestCompileClasspath
androidx.lifecycle:lifecycle-runtime-compose-android:2.8.7=debugAndroidTestRuntimeClasspath,debugRuntimeClasspath,debugUnitTestRuntimeClasspath
androidx.lifecycle:lifecycle-runtime-compose-jvmstubs:2.8.7=debugLintChecksClasspath
androidx.lifecycle:lifecycle-runtime-compose:2.8.3=debugAndroidTestCompileClasspath,debugCompileClasspath,debugUnitTestCompileClasspath
androidx.lifecycle:lifecycle-runtime-compose:2.8.7=debugAndroidTestRuntimeClasspath,debugLintChecksClasspath,debugRuntimeClasspath,debugUnitTestRuntimeClasspath
androidx.lifecycle:lifecycle-runtime-desktop:2.8.7=debugLintChecksClasspath
androidx.lifecycle:lifecycle-runtime-ktx-android:2.8.3=debugAndroidTestCompileClasspath,debugCompileClasspath,debugUnitTestCompileClasspath
androidx.lifecycle:lifecycle-runtime-ktx-android:2.8.7=debugAndroidTestRuntimeClasspath,debugLintChecksClasspath,debugRuntimeClasspath,debugUnitTestRuntimeClasspath
androidx.lifecycle:lifecycle-runtime-ktx:2.8.3=debugAndroidTestCompileClasspath,debugCompileClasspath,debugUnitTestCompileClasspath
androidx.lifecycle:lifecycle-runtime-ktx:2.8.7=debugAndroidTestRuntimeClasspath,debugLintChecksClasspath,debugRuntimeClasspath,debugUnitTestRuntimeClasspath
androidx.lifecycle:lifecycle-runtime:2.8.3=debugAndroidTestCompileClasspath,debugCompileClasspath,debugUnitTestCompileClasspath
androidx.lifecycle:lifecycle-runtime:2.8.7=debugAndroidTestRuntimeClasspath,debugLintChecksClasspath,debugRuntimeClasspath,debugUnitTestRuntimeClasspath
androidx.lifecycle:lifecycle-viewmodel-android:2.8.3=debugAndroidTestCompileClasspath,debugCompileClasspath,debugUnitTestCompileClasspath
androidx.lifecycle:lifecycle-viewmodel-android:2.8.7=debugAndroidTestRuntimeClasspath,debugRuntimeClasspath,debugUnitTestRuntimeClasspath
androidx.lifecycle:lifecycle-viewmodel-compose-android:2.8.7=debugRuntimeClasspath,debugUnitTestRuntimeClasspath
androidx.lifecycle:lifecycle-viewmodel-compose-desktop:2.8.7=debugLintChecksClasspath
androidx.lifecycle:lifecycle-viewmodel-compose:2.8.7=debugLintChecksClasspath,debugRuntimeClasspath,debugUnitTestRuntimeClasspath
androidx.lifecycle:lifecycle-viewmodel-desktop:2.8.7=debugLintChecksClasspath
androidx.lifecycle:lifecycle-viewmodel-ktx:2.8.3=debugAndroidTestCompileClasspath,debugCompileClasspath,debugUnitTestCompileClasspath
androidx.lifecycle:lifecycle-viewmodel-ktx:2.8.7=debugAndroidTestRuntimeClasspath,debugLintChecksClasspath,debugRuntimeClasspath,debugUnitTestRuntimeClasspath
androidx.lifecycle:lifecycle-viewmodel-savedstate:2.8.3=debugAndroidTestCompileClasspath,debugCompileClasspath,debugUnitTestCompileClasspath
androidx.lifecycle:lifecycle-viewmodel-savedstate:2.8.7=debugAndroidTestRuntimeClasspath,debugLintChecksClasspath,debugRuntimeClasspath,debugUnitTestRuntimeClasspath
androidx.lifecycle:lifecycle-viewmodel:2.8.3=debugAndroidTestCompileClasspath,debugCompileClasspath,debugUnitTestCompileClasspath
androidx.lifecycle:lifecycle-viewmodel:2.8.7=debugAndroidTestRuntimeClasspath,debugLintChecksClasspath,debugRuntimeClasspath,debugUnitTestRuntimeClasspath
androidx.loader:loader:1.0.0=debugLintChecksClasspath,debugRuntimeClasspath,debugUnitTestRuntimeClasspath
androidx.profileinstaller:profileinstaller:1.4.0=debugAndroidTestRuntimeClasspath,debugLintChecksClasspath,debugRuntimeClasspath,debugUnitTestRuntimeClasspath
androidx.resourceinspection:resourceinspection-annotation:1.0.1=debugLintChecksClasspath,debugRuntimeClasspath,debugUnitTestRuntimeClasspath
androidx.savedstate:savedstate-ktx:1.2.1=debugAndroidTestCompileClasspath,debugAndroidTestRuntimeClasspath,debugCompileClasspath,debugLintChecksClasspath,debugRuntimeClasspath,debugUnitTestCompileClasspath,debugUnitTestRuntimeClasspath
androidx.savedstate:savedstate:1.2.1=debugAndroidTestCompileClasspath,debugAndroidTestRuntimeClasspath,debugCompileClasspath,debugLintChecksClasspath,debugRuntimeClasspath,debugUnitTestCompileClasspath,debugUnitTestRuntimeClasspath
androidx.startup:startup-runtime:1.1.1=debugAndroidTestRuntimeClasspath,debugLintChecksClasspath,debugRuntimeClasspath,debugUnitTestRuntimeClasspath
androidx.test.espresso:espresso-core:3.5.0=debugAndroidTestRuntimeClasspath
androidx.test.espresso:espresso-idling-resource:3.5.0=debugAndroidTestRuntimeClasspath
androidx.test.ext:junit:1.2.1=debugAndroidTestCompileClasspath,debugAndroidTestRuntimeClasspath
androidx.test.services:storage:1.5.0=debugAndroidTestCompileClasspath,debugAndroidTestRuntimeClasspath
androidx.test:annotation:1.0.1=debugAndroidTestRuntimeClasspath
androidx.test:core:1.6.1=debugAndroidTestCompileClasspath,debugAndroidTestRuntimeClasspath
androidx.test:monitor:1.7.1=debugAndroidTestCompileClasspath,debugAndroidTestRuntimeClasspath
androidx.test:rules:1.6.1=debugAndroidTestCompileClasspath,debugAndroidTestRuntimeClasspath
androidx.test:runner:1.6.1=debugAndroidTestCompileClasspath,debugAndroidTestRuntimeClasspath
androidx.tracing:tracing-ktx:1.2.0=debugLintChecksClasspath,debugRuntimeClasspath,debugUnitTestRuntimeClasspath
androidx.tracing:tracing:1.1.0=debugAndroidTestCompileClasspath
androidx.tracing:tracing:1.2.0=debugAndroidTestRuntimeClasspath,debugLintChecksClasspath,debugRuntimeClasspath,debugUnitTestRuntimeClasspath
androidx.vectordrawable:vectordrawable-animated:1.1.0=debugLintChecksClasspath,debugRuntimeClasspath,debugUnitTestRuntimeClasspath
androidx.vectordrawable:vectordrawable:1.1.0=debugLintChecksClasspath,debugRuntimeClasspath,debugUnitTestRuntimeClasspath
androidx.versionedparcelable:versionedparcelable:1.1.1=debugAndroidTestCompileClasspath,debugAndroidTestRuntimeClasspath,debugCompileClasspath,debugLintChecksClasspath,debugRuntimeClasspath,debugUnitTestCompileClasspath,debugUnitTestRuntimeClasspath
androidx.viewpager:viewpager:1.0.0=debugLintChecksClasspath,debugRuntimeClasspath,debugUnitTestRuntimeClasspath
com.google.android.datatransport:transport-api:2.2.1=debugLintChecksClasspath,debugRuntimeClasspath,debugUnitTestRuntimeClasspath
com.google.android.datatransport:transport-backend-cct:2.3.3=debugLintChecksClasspath,debugRuntimeClasspath,debugUnitTestRuntimeClasspath
com.google.android.datatransport:transport-runtime:2.2.6=debugLintChecksClasspath,debugRuntimeClasspath,debugUnitTestRuntimeClasspath
com.google.android.gms:play-services-base:18.5.0=debugLintChecksClasspath,debugRuntimeClasspath,debugUnitTestRuntimeClasspath
com.google.android.gms:play-services-basement:18.4.0=debugLintChecksClasspath,debugRuntimeClasspath,debugUnitTestRuntimeClasspath
com.google.android.gms:play-services-mlkit-text-recognition-common:19.1.0=debugLintChecksClasspath,debugRuntimeClasspath,debugUnitTestRuntimeClasspath
com.google.android.gms:play-services-mlkit-text-recognition-korean:16.0.1=debugLintChecksClasspath,debugRuntimeClasspath,debugUnitTestRuntimeClasspath
com.google.android.gms:play-services-tasks:18.2.0=debugLintChecksClasspath,debugRuntimeClasspath,debugUnitTestRuntimeClasspath
com.google.android.odml:image:1.0.0-beta1=debugLintChecksClasspath,debugRuntimeClasspath,debugUnitTestRuntimeClasspath
com.google.auto.value:auto-value-annotations:1.6.3=debugLintChecksClasspath,debugRuntimeClasspath,debugUnitTestRuntimeClasspath
com.google.code.findbugs:jsr305:2.0.2=debugAndroidTestRuntimeClasspath
com.google.firebase:firebase-annotations:16.0.0=debugLintChecksClasspath,debugRuntimeClasspath,debugUnitTestRuntimeClasspath
com.google.firebase:firebase-components:16.1.0=debugLintChecksClasspath,debugRuntimeClasspath,debugUnitTestRuntimeClasspath
com.google.firebase:firebase-encoders-json:17.1.0=debugLintChecksClasspath,debugRuntimeClasspath,debugUnitTestRuntimeClasspath
com.google.firebase:firebase-encoders:16.1.0=debugLintChecksClasspath,debugRuntimeClasspath,debugUnitTestRuntimeClasspath
com.google.guava:listenablefuture:1.0=debugAndroidTestCompileClasspath,debugAndroidTestRuntimeClasspath,debugCompileClasspath,debugLintChecksClasspath,debugRuntimeClasspath,debugUnitTestCompileClasspath,debugUnitTestRuntimeClasspath
com.google.mlkit:common:18.11.0=debugLintChecksClasspath,debugRuntimeClasspath,debugUnitTestRuntimeClasspath
com.google.mlkit:text-recognition-bundled-common:17.0.0=debugLintChecksClasspath,debugRuntimeClasspath,debugUnitTestRuntimeClasspath
com.google.mlkit:text-recognition-korean:16.0.1=debugLintChecksClasspath,debugRuntimeClasspath,debugUnitTestRuntimeClasspath
com.google.mlkit:vision-common:17.3.0=debugLintChecksClasspath,debugRuntimeClasspath,debugUnitTestRuntimeClasspath
com.google.mlkit:vision-interfaces:16.3.0=debugLintChecksClasspath,debugRuntimeClasspath,debugUnitTestRuntimeClasspath
com.squareup:javawriter:2.1.1=debugAndroidTestRuntimeClasspath
javax.inject:javax.inject:1=debugAndroidTestRuntimeClasspath,debugLintChecksClasspath,debugRuntimeClasspath,debugUnitTestRuntimeClasspath
junit:junit:4.13.2=debugAndroidTestCompileClasspath,debugAndroidTestRuntimeClasspath,debugUnitTestCompileClasspath,debugUnitTestRuntimeClasspath
org.hamcrest:hamcrest-core:1.3=debugAndroidTestCompileClasspath,debugAndroidTestRuntimeClasspath,debugUnitTestCompileClasspath,debugUnitTestRuntimeClasspath
org.hamcrest:hamcrest-integration:1.3=debugAndroidTestRuntimeClasspath
org.hamcrest:hamcrest-library:1.3=debugAndroidTestRuntimeClasspath
org.jetbrains.kotlin:kotlin-build-tools-api:2.2.20=kotlinBuildToolsApiClasspath
org.jetbrains.kotlin:kotlin-build-tools-impl:2.2.20=kotlinBuildToolsApiClasspath
org.jetbrains.kotlin:kotlin-compiler-embeddable:2.2.20=kotlinBuildToolsApiClasspath,kotlinCompilerClasspath
org.jetbrains.kotlin:kotlin-compiler-runner:2.2.20=kotlinBuildToolsApiClasspath
org.jetbrains.kotlin:kotlin-compose-compiler-plugin-embeddable:2.2.20=kotlin-extension,kotlinCompilerPluginClasspathDebug,kotlinCompilerPluginClasspathDebugAndroidTest
org.jetbrains.kotlin:kotlin-daemon-client:2.2.20=kotlinBuildToolsApiClasspath
org.jetbrains.kotlin:kotlin-daemon-embeddable:2.2.20=kotlinBuildToolsApiClasspath,kotlinCompilerClasspath
org.jetbrains.kotlin:kotlin-reflect:1.6.10=kotlinBuildToolsApiClasspath,kotlinCompilerClasspath
org.jetbrains.kotlin:kotlin-script-runtime:2.2.20=kotlinBuildToolsApiClasspath,kotlinCompilerClasspath
org.jetbrains.kotlin:kotlin-scripting-common:2.2.20=kotlinBuildToolsApiClasspath
org.jetbrains.kotlin:kotlin-scripting-compiler-embeddable:2.2.20=kotlinBuildToolsApiClasspath
org.jetbrains.kotlin:kotlin-scripting-compiler-impl-embeddable:2.2.20=kotlinBuildToolsApiClasspath
org.jetbrains.kotlin:kotlin-scripting-jvm:2.2.20=kotlinBuildToolsApiClasspath
org.jetbrains.kotlin:kotlin-stdlib-common:2.2.20=debugLintChecksClasspath,debugRuntimeClasspath,debugUnitTestRuntimeClasspath
org.jetbrains.kotlin:kotlin-stdlib:2.2.20=debugAndroidTestCompileClasspath,debugAndroidTestRuntimeClasspath,debugCompileClasspath,debugLintChecksClasspath,debugRuntimeClasspath,debugUnitTestCompileClasspath,debugUnitTestRuntimeClasspath,kotlinBuildToolsApiClasspath,kotlinCompilerClasspath
org.jetbrains.kotlinx:kotlinx-coroutines-android:1.9.0=debugAndroidTestCompileClasspath,debugAndroidTestRuntimeClasspath,debugCompileClasspath,debugLintChecksClasspath,debugRuntimeClasspath,debugUnitTestCompileClasspath,debugUnitTestRuntimeClasspath
org.jetbrains.kotlinx:kotlinx-coroutines-bom:1.9.0=debugAndroidTestCompileClasspath,debugAndroidTestRuntimeClasspath,debugCompileClasspath,debugLintChecksClasspath,debugRuntimeClasspath,debugUnitTestCompileClasspath,debugUnitTestRuntimeClasspath
org.jetbrains.kotlinx:kotlinx-coroutines-core-jvm:1.8.0=kotlinBuildToolsApiClasspath,kotlinCompilerClasspath
org.jetbrains.kotlinx:kotlinx-coroutines-core-jvm:1.9.0=debugAndroidTestCompileClasspath,debugAndroidTestRuntimeClasspath,debugCompileClasspath,debugLintChecksClasspath,debugRuntimeClasspath,debugUnitTestCompileClasspath,debugUnitTestRuntimeClasspath
org.jetbrains.kotlinx:kotlinx-coroutines-core:1.9.0=debugAndroidTestCompileClasspath,debugAndroidTestRuntimeClasspath,debugCompileClasspath,debugLintChecksClasspath,debugRuntimeClasspath,debugUnitTestCompileClasspath,debugUnitTestRuntimeClasspath
org.jetbrains.kotlinx:kotlinx-coroutines-test-jvm:1.9.0=debugAndroidTestCompileClasspath,debugAndroidTestRuntimeClasspath
org.jetbrains.kotlinx:kotlinx-coroutines-test:1.9.0=debugAndroidTestCompileClasspath,debugAndroidTestRuntimeClasspath
org.jetbrains:annotations:13.0=kotlinBuildToolsApiClasspath,kotlinCompilerClasspath
org.jetbrains:annotations:23.0.0=debugAndroidTestCompileClasspath,debugAndroidTestRuntimeClasspath,debugCompileClasspath,debugLintChecksClasspath,debugRuntimeClasspath,debugUnitTestCompileClasspath,debugUnitTestRuntimeClasspath
org.jspecify:jspecify:1.0.0=debugAndroidTestCompileClasspath,debugAndroidTestRuntimeClasspath,debugCompileClasspath,debugLintChecksClasspath,debugRuntimeClasspath,debugUnitTestCompileClasspath,debugUnitTestRuntimeClasspath
empty=androidApis,debugAndroidTestAnnotationProcessorClasspath,debugAnnotationProcessorClasspath,debugReverseMetadataValues,debugUnitTestAnnotationProcessorClasspath,kotlinCompilerPluginClasspath,lintChecks
